
Microsoft Visual Studio Solution File, Format Version 12.00
# Visual Studio 15
VisualStudioVersion = 15.0.28307.168
MinimumVisualStudioVersion = 10.0.40219.1
Project("{9A19103F-16F7-4668-BE54-9A1E7A4F7556}") = "DefensiveCoding.Api", "DefensiveCoding.Api\DefensiveCoding.Api.csproj", "{4946C862-5A7E-48D0-B171-DF72C9077443}"
EndProject
Project("{9A19103F-16F7-4668-BE54-9A1E7A4F7556}") = "DefensiveCoding.Demos", "DefensiveCoding.Demos\DefensiveCoding.Demos.csproj", "{460C8436-046B-4987-91FB-98E3E1D402DB}"
EndProject
Project("{2150E333-8FDC-42A3-9474-1A3956D46DE8}") = "Demos", "Demos", "{EC6878F1-04DB-4373-8013-774CC54E88C4}"
EndProject
Project("{2150E333-8FDC-42A3-9474-1A3956D46DE8}") = "Lab", "Lab", "{1BB78898-36E5-45E8-AF85-900977603104}"
EndProject
Project("{2150E333-8FDC-42A3-9474-1A3956D46DE8}") = "Api", "Api", "{79906C16-3015-48D4-BF20-6C19FE626DDF}"
EndProject
Project("{9A19103F-16F7-4668-BE54-9A1E7A4F7556}") = "PollyLab.Api", "PollyLab.api\PollyLab.Api.csproj", "{30C2F768-AFC6-454E-BF9A-E6E826154BE8}"
EndProject
Project("{2150E333-8FDC-42A3-9474-1A3956D46DE8}") = "Helpers", "Helpers", "{C91FDF3B-D12A-4FF2-9F57-E7D2E3ECE0B5}"
EndProject
Project("{9A19103F-16F7-4668-BE54-9A1E7A4F7556}") = "PollyLab.Helpers", "PollyLab.Helpers\PollyLab.Helpers.csproj", "{01D805AD-A98B-479F-A988-14A30CF045B8}"
EndProject
Project("{2150E333-8FDC-42A3-9474-1A3956D46DE8}") = "After", "After", "{3BB82202-2EC2-4361-B50C-3FD33D66631F}"
EndProject
Project("{9A19103F-16F7-4668-BE54-9A1E7A4F7556}") = "PollyLab.After", "PollyLab.After\PollyLab.After.csproj", "{83B701F1-7762-49D9-8602-D3E734F367E5}"
EndProject
Project("{9A19103F-16F7-4668-BE54-9A1E7A4F7556}") = "PollyLab", "PollyLab\PollyLab.csproj", "{2D4CAAFE-4B98-45A7-9B55-55E63813AADC}"
EndProject
Global
	GlobalSection(SolutionConfigurationPlatforms) = preSolution
		Debug|Any CPU = Debug|Any CPU
		Release|Any CPU = Release|Any CPU
	EndGlobalSection
	GlobalSection(ProjectConfigurationPlatforms) = postSolution
		{4946C862-5A7E-48D0-B171-DF72C9077443}.Debug|Any CPU.ActiveCfg = Debug|Any CPU
		{4946C862-5A7E-48D0-B171-DF72C9077443}.Debug|Any CPU.Build.0 = Debug|Any CPU
		{4946C862-5A7E-48D0-B171-DF72C9077443}.Release|Any CPU.ActiveCfg = Release|Any CPU
		{4946C862-5A7E-48D0-B171-DF72C9077443}.Release|Any CPU.Build.0 = Release|Any CPU
		{460C8436-046B-4987-91FB-98E3E1D402DB}.Debug|Any CPU.ActiveCfg = Debug|Any CPU
		{460C8436-046B-4987-91FB-98E3E1D402DB}.Debug|Any CPU.Build.0 = Debug|Any CPU
		{460C8436-046B-4987-91FB-98E3E1D402DB}.Release|Any CPU.ActiveCfg = Release|Any CPU
		{460C8436-046B-4987-91FB-98E3E1D402DB}.Release|Any CPU.Build.0 = Release|Any CPU
		{30C2F768-AFC6-454E-BF9A-E6E826154BE8}.Debug|Any CPU.ActiveCfg = Debug|Any CPU
		{30C2F768-AFC6-454E-BF9A-E6E826154BE8}.Debug|Any CPU.Build.0 = Debug|Any CPU
		{30C2F768-AFC6-454E-BF9A-E6E826154BE8}.Release|Any CPU.ActiveCfg = Release|Any CPU
		{30C2F768-AFC6-454E-BF9A-E6E826154BE8}.Release|Any CPU.Build.0 = Release|Any CPU
		{01D805AD-A98B-479F-A988-14A30CF045B8}.Debug|Any CPU.ActiveCfg = Debug|Any CPU
		{01D805AD-A98B-479F-A988-14A30CF045B8}.Debug|Any CPU.Build.0 = Debug|Any CPU
		{01D805AD-A98B-479F-A988-14A30CF045B8}.Release|Any CPU.ActiveCfg = Release|Any CPU
		{01D805AD-A98B-479F-A988-14A30CF045B8}.Release|Any CPU.Build.0 = Release|Any CPU
		{83B701F1-7762-49D9-8602-D3E734F367E5}.Debug|Any CPU.ActiveCfg = Debug|Any CPU
		{83B701F1-7762-49D9-8602-D3E734F367E5}.Debug|Any CPU.Build.0 = Debug|Any CPU
		{83B701F1-7762-49D9-8602-D3E734F367E5}.Release|Any CPU.ActiveCfg = Release|Any CPU
		{83B701F1-7762-49D9-8602-D3E734F367E5}.Release|Any CPU.Build.0 = Release|Any CPU
		{2D4CAAFE-4B98-45A7-9B55-55E63813AADC}.Debug|Any CPU.ActiveCfg = Debug|Any CPU
		{2D4CAAFE-4B98-45A7-9B55-55E63813AADC}.Debug|Any CPU.Build.0 = Debug|Any CPU
		{2D4CAAFE-4B98-45A7-9B55-55E63813AADC}.Release|Any CPU.ActiveCfg = Release|Any CPU
		{2D4CAAFE-4B98-45A7-9B55-55E63813AADC}.Release|Any CPU.Build.0 = Release|Any CPU
	EndGlobalSection
	GlobalSection(SolutionProperties) = preSolution
		HideSolutionNode = FALSE
	EndGlobalSection
	GlobalSection(NestedProjects) = preSolution
		{4946C862-5A7E-48D0-B171-DF72C9077443} = {EC6878F1-04DB-4373-8013-774CC54E88C4}
		{460C8436-046B-4987-91FB-98E3E1D402DB} = {EC6878F1-04DB-4373-8013-774CC54E88C4}
		{79906C16-3015-48D4-BF20-6C19FE626DDF} = {1BB78898-36E5-45E8-AF85-900977603104}
		{30C2F768-AFC6-454E-BF9A-E6E826154BE8} = {79906C16-3015-48D4-BF20-6C19FE626DDF}
		{C91FDF3B-D12A-4FF2-9F57-E7D2E3ECE0B5} = {1BB78898-36E5-45E8-AF85-900977603104}
		{01D805AD-A98B-479F-A988-14A30CF045B8} = {C91FDF3B-D12A-4FF2-9F57-E7D2E3ECE0B5}
		{3BB82202-2EC2-4361-B50C-3FD33D66631F} = {1BB78898-36E5-45E8-AF85-900977603104}
		{83B701F1-7762-49D9-8602-D3E734F367E5} = {3BB82202-2EC2-4361-B50C-3FD33D66631F}
		{2D4CAAFE-4B98-45A7-9B55-55E63813AADC} = {1BB78898-36E5-45E8-AF85-900977603104}
	EndGlobalSection
	GlobalSection(ExtensibilityGlobals) = postSolution
		SolutionGuid = {66E77C99-7C1C-4A6C-93A2-6627EC227E9A}
	EndGlobalSection
EndGlobal
