
Microsoft Visual Studio Solution File, Format Version 12.00
# Visual Studio 15
VisualStudioVersion = 15.0.28307.168
MinimumVisualStudioVersion = 10.0.40219.1
Project("{FAE04EC0-301F-11D3-BF4B-00C04F79EFBC}") = "DefensiveCoding.Api", "DefensiveCoding.Api\DefensiveCoding.Api.csproj", "{4946C862-5A7E-48D0-B171-DF72C9077443}"
EndProject
Global
	GlobalSection(SolutionConfigurationPlatforms) = preSolution
		Debug|Any CPU = Debug|Any CPU
		Release|Any CPU = Release|Any CPU
	EndGlobalSection
	GlobalSection(ProjectConfigurationPlatforms) = postSolution
		{4946C862-5A7E-48D0-B171-DF72C9077443}.Debug|Any CPU.ActiveCfg = Debug|Any CPU
		{4946C862-5A7E-48D0-B171-DF72C9077443}.Debug|Any CPU.Build.0 = Debug|Any CPU
		{4946C862-5A7E-48D0-B171-DF72C9077443}.Release|Any CPU.ActiveCfg = Release|Any CPU
		{4946C862-5A7E-48D0-B171-DF72C9077443}.Release|Any CPU.Build.0 = Release|Any CPU
	EndGlobalSection
	GlobalSection(SolutionProperties) = preSolution
		HideSolutionNode = FALSE
	EndGlobalSection
	GlobalSection(ExtensibilityGlobals) = postSolution
		SolutionGuid = {66E77C99-7C1C-4A6C-93A2-6627EC227E9A}
	EndGlobalSection
EndGlobal
